
Microsoft Visual Studio Solution File, Format Version 12.00
# Visual Studio 15
VisualStudioVersion = 15.0.28307.1705
MinimumVisualStudioVersion = 10.0.40219.1
Project("{FAE04EC0-301F-11D3-BF4B-00C04F79EFBC}") = "IDCJupiterLoadAPI", "idc_costshare_jupiter_api\IDCJupiterLoadAPI.csproj", "{B8096C8B-68E1-4713-8324-0788B6B2EAAD}"
EndProject
Project("{FAE04EC0-301F-11D3-BF4B-00C04F79EFBC}") = "IDCJupiterLoadModel", "IDCJupiterLoadModel\IDCJupiterLoadModel.csproj", "{4FD9468B-63E9-48AF-A4A7-38CAA6CB58B1}"
EndProject
Project("{FAE04EC0-301F-11D3-BF4B-00C04F79EFBC}") = "IDCJupiterLoadDB", "IDCJupiterLoadDB\IDCJupiterLoadDB.csproj", "{6B41268A-12F2-4E1D-9C45-65CE370585FB}"
EndProject
Project("{FAE04EC0-301F-11D3-BF4B-00C04F79EFBC}") = "IDCJupiterLoadCommon", "IDCJupiterLoadCommon\IDCJupiterLoadCommon.csproj", "{CAC88D28-21D8-4C88-A2F0-3FB3135F3F8C}"
EndProject
Project("{FAE04EC0-301F-11D3-BF4B-00C04F79EFBC}") = "IDCJupiterLoadBusiness", "IDCJupiterLoadBusiness\IDCJupiterLoadBusiness.csproj", "{FA2FB0FF-41A5-4DEA-BA5E-7344C3C4B818}"
EndProject
Global
	GlobalSection(SolutionConfigurationPlatforms) = preSolution
		Debug|Any CPU = Debug|Any CPU
		Release|Any CPU = Release|Any CPU
	EndGlobalSection
	GlobalSection(ProjectConfigurationPlatforms) = postSolution
		{B8096C8B-68E1-4713-8324-0788B6B2EAAD}.Debug|Any CPU.ActiveCfg = Debug|Any CPU
		{B8096C8B-68E1-4713-8324-0788B6B2EAAD}.Debug|Any CPU.Build.0 = Debug|Any CPU
		{B8096C8B-68E1-4713-8324-0788B6B2EAAD}.Release|Any CPU.ActiveCfg = Release|Any CPU
		{B8096C8B-68E1-4713-8324-0788B6B2EAAD}.Release|Any CPU.Build.0 = Release|Any CPU
		{4FD9468B-63E9-48AF-A4A7-38CAA6CB58B1}.Debug|Any CPU.ActiveCfg = Debug|Any CPU
		{4FD9468B-63E9-48AF-A4A7-38CAA6CB58B1}.Debug|Any CPU.Build.0 = Debug|Any CPU
		{4FD9468B-63E9-48AF-A4A7-38CAA6CB58B1}.Release|Any CPU.ActiveCfg = Release|Any CPU
		{4FD9468B-63E9-48AF-A4A7-38CAA6CB58B1}.Release|Any CPU.Build.0 = Release|Any CPU
		{6B41268A-12F2-4E1D-9C45-65CE370585FB}.Debug|Any CPU.ActiveCfg = Debug|Any CPU
		{6B41268A-12F2-4E1D-9C45-65CE370585FB}.Debug|Any CPU.Build.0 = Debug|Any CPU
		{6B41268A-12F2-4E1D-9C45-65CE370585FB}.Release|Any CPU.ActiveCfg = Release|Any CPU
		{6B41268A-12F2-4E1D-9C45-65CE370585FB}.Release|Any CPU.Build.0 = Release|Any CPU
		{CAC88D28-21D8-4C88-A2F0-3FB3135F3F8C}.Debug|Any CPU.ActiveCfg = Debug|Any CPU
		{CAC88D28-21D8-4C88-A2F0-3FB3135F3F8C}.Debug|Any CPU.Build.0 = Debug|Any CPU
		{CAC88D28-21D8-4C88-A2F0-3FB3135F3F8C}.Release|Any CPU.ActiveCfg = Release|Any CPU
		{CAC88D28-21D8-4C88-A2F0-3FB3135F3F8C}.Release|Any CPU.Build.0 = Release|Any CPU
		{FA2FB0FF-41A5-4DEA-BA5E-7344C3C4B818}.Debug|Any CPU.ActiveCfg = Debug|Any CPU
		{FA2FB0FF-41A5-4DEA-BA5E-7344C3C4B818}.Debug|Any CPU.Build.0 = Debug|Any CPU
		{FA2FB0FF-41A5-4DEA-BA5E-7344C3C4B818}.Release|Any CPU.ActiveCfg = Release|Any CPU
		{FA2FB0FF-41A5-4DEA-BA5E-7344C3C4B818}.Release|Any CPU.Build.0 = Release|Any CPU
	EndGlobalSection
	GlobalSection(SolutionProperties) = preSolution
		HideSolutionNode = FALSE
	EndGlobalSection
	GlobalSection(ExtensibilityGlobals) = postSolution
		SolutionGuid = {D4751F19-96E2-4E5D-9A57-FB1B66B4CF55}
	EndGlobalSection
EndGlobal
